// !$*UTF8*$!
{
	archiveVersion = 1;
	classes = {
	};
	objectVersion = 46;
	objects = {

/* Begin PBXBuildFile section */
		C3BF7EB71BCE35F7004B0EC9 /* main.m in Sources */ = {isa = PBXBuildFile; fileRef = C3BF7EB61BCE35F7004B0EC9 /* main.m */; };
		C3BF7EBA1BCE35F7004B0EC9 /* AppDelegate.m in Sources */ = {isa = PBXBuildFile; fileRef = C3BF7EB91BCE35F7004B0EC9 /* AppDelegate.m */; };
		C3BF7EBD1BCE35F7004B0EC9 /* ViewController.m in Sources */ = {isa = PBXBuildFile; fileRef = C3BF7EBC1BCE35F7004B0EC9 /* ViewController.m */; };
		C3BF7EC01BCE35F7004B0EC9 /* Main.storyboard in Resources */ = {isa = PBXBuildFile; fileRef = C3BF7EBE1BCE35F7004B0EC9 /* Main.storyboard */; };
		C3BF7EC21BCE35F7004B0EC9 /* Assets.xcassets in Resources */ = {isa = PBXBuildFile; fileRef = C3BF7EC11BCE35F7004B0EC9 /* Assets.xcassets */; };
		C3BF7EC51BCE35F7004B0EC9 /* LaunchScreen.storyboard in Resources */ = {isa = PBXBuildFile; fileRef = C3BF7EC31BCE35F7004B0EC9 /* LaunchScreen.storyboard */; };
		C3BF7ED01BCE35F7004B0EC9 /* _23TestTests.m in Sources */ = {isa = PBXBuildFile; fileRef = C3BF7ECF1BCE35F7004B0EC9 /* _23TestTests.m */; };
		C3BF7EDB1BCE35F7004B0EC9 /* _23TestUITests.m in Sources */ = {isa = PBXBuildFile; fileRef = C3BF7EDA1BCE35F7004B0EC9 /* _23TestUITests.m */; };
/* End PBXBuildFile section */

/* Begin PBXContainerItemProxy section */
		C3BF7ECC1BCE35F7004B0EC9 /* PBXContainerItemProxy */ = {
			isa = PBXContainerItemProxy;
			containerPortal = C3BF7EAA1BCE35F7004B0EC9 /* Project object */;
			proxyType = 1;
			remoteGlobalIDString = C3BF7EB11BCE35F7004B0EC9;
			remoteInfo = 123Test;
		};
		C3BF7ED71BCE35F7004B0EC9 /* PBXContainerItemProxy */ = {
			isa = PBXContainerItemProxy;
			containerPortal = C3BF7EAA1BCE35F7004B0EC9 /* Project object */;
			proxyType = 1;
			remoteGlobalIDString = C3BF7EB11BCE35F7004B0EC9;
			remoteInfo = 123Test;
		};
/* End PBXContainerItemProxy section */

/* Begin PBXFileReference section */
		C3BF7EB21BCE35F7004B0EC9 /* 123Test.app */ = {isa = PBXFileReference; explicitFileType = wrapper.application; includeInIndex = 0; path = 123Test.app; sourceTree = BUILT_PRODUCTS_DIR; };
		C3BF7EB61BCE35F7004B0EC9 /* main.m */ = {isa = PBXFileReference; lastKnownFileType = sourcecode.c.objc; path = main.m; sourceTree = "<group>"; };
		C3BF7EB81BCE35F7004B0EC9 /* AppDelegate.h */ = {isa = PBXFileReference; lastKnownFileType = sourcecode.c.h; path = AppDelegate.h; sourceTree = "<group>"; };
		C3BF7EB91BCE35F7004B0EC9 /* AppDelegate.m */ = {isa = PBXFileReference; lastKnownFileType = sourcecode.c.objc; path = AppDelegate.m; sourceTree = "<group>"; };
		C3BF7EBB1BCE35F7004B0EC9 /* ViewController.h */ = {isa = PBXFileReference; lastKnownFileType = sourcecode.c.h; path = ViewController.h; sourceTree = "<group>"; };
		C3BF7EBC1BCE35F7004B0EC9 /* ViewController.m */ = {isa = PBXFileReference; lastKnownFileType = sourcecode.c.objc; path = ViewController.m; sourceTree = "<group>"; };
		C3BF7EBF1BCE35F7004B0EC9 /* Base */ = {isa = PBXFileReference; lastKnownFileType = file.storyboard; name = Base; path = Base.lproj/Main.storyboard; sourceTree = "<group>"; };
		C3BF7EC11BCE35F7004B0EC9 /* Assets.xcassets */ = {isa = PBXFileReference; lastKnownFileType = folder.assetcatalog; path = Assets.xcassets; sourceTree = "<group>"; };
		C3BF7EC41BCE35F7004B0EC9 /* Base */ = {isa = PBXFileReference; lastKnownFileType = file.storyboard; name = Base; path = Base.lproj/LaunchScreen.storyboard; sourceTree = "<group>"; };
		C3BF7EC61BCE35F7004B0EC9 /* Info.plist */ = {isa = PBXFileReference; lastKnownFileType = text.plist.xml; path = Info.plist; sourceTree = "<group>"; };
		C3BF7ECB1BCE35F7004B0EC9 /* 123TestTests.xctest */ = {isa = PBXFileReference; explicitFileType = wrapper.cfbundle; includeInIndex = 0; path = 123TestTests.xctest; sourceTree = BUILT_PRODUCTS_DIR; };
		C3BF7ECF1BCE35F7004B0EC9 /* _23TestTests.m */ = {isa = PBXFileReference; lastKnownFileType = sourcecode.c.objc; path = _23TestTests.m; sourceTree = "<group>"; };
		C3BF7ED11BCE35F7004B0EC9 /* Info.plist */ = {isa = PBXFileReference; lastKnownFileType = text.plist.xml; path = Info.plist; sourceTree = "<group>"; };
		C3BF7ED61BCE35F7004B0EC9 /* 123TestUITests.xctest */ = {isa = PBXFileReference; explicitFileType = wrapper.cfbundle; includeInIndex = 0; path = 123TestUITests.xctest; sourceTree = BUILT_PRODUCTS_DIR; };
		C3BF7EDA1BCE35F7004B0EC9 /* _23TestUITests.m */ = {isa = PBXFileReference; lastKnownFileType = sourcecode.c.objc; path = _23TestUITests.m; sourceTree = "<group>"; };
		C3BF7EDC1BCE35F7004B0EC9 /* Info.plist */ = {isa = PBXFileReference; lastKnownFileType = text.plist.xml; path = Info.plist; sourceTree = "<group>"; };
/* End PBXFileReference section */

/* Begin PBXFrameworksBuildPhase section */
		C3BF7EAF1BCE35F7004B0EC9 /* Frameworks */ = {
			isa = PBXFrameworksBuildPhase;
			buildActionMask = 2147483647;
			files = (
			);
			runOnlyForDeploymentPostprocessing = 0;
		};
		C3BF7EC81BCE35F7004B0EC9 /* Frameworks */ = {
			isa = PBXFrameworksBuildPhase;
			buildActionMask = 2147483647;
			files = (
			);
			runOnlyForDeploymentPostprocessing = 0;
		};
		C3BF7ED31BCE35F7004B0EC9 /* Frameworks */ = {
			isa = PBXFrameworksBuildPhase;
			buildActionMask = 2147483647;
			files = (
			);
			runOnlyForDeploymentPostprocessing = 0;
		};
/* End PBXFrameworksBuildPhase section */

/* Begin PBXGroup section */
		C3BF7EA91BCE35F7004B0EC9 = {
			isa = PBXGroup;
			children = (
				C3BF7EB41BCE35F7004B0EC9 /* 123Test */,
				C3BF7ECE1BCE35F7004B0EC9 /* 123TestTests */,
				C3BF7ED91BCE35F7004B0EC9 /* 123TestUITests */,
				C3BF7EB31BCE35F7004B0EC9 /* Products */,
			);
			sourceTree = "<group>";
		};
		C3BF7EB31BCE35F7004B0EC9 /* Products */ = {
			isa = PBXGroup;
			children = (
				C3BF7EB21BCE35F7004B0EC9 /* 123Test.app */,
				C3BF7ECB1BCE35F7004B0EC9 /* 123TestTests.xctest */,
				C3BF7ED61BCE35F7004B0EC9 /* 123TestUITests.xctest */,
			);
			name = Products;
			sourceTree = "<group>";
		};
		C3BF7EB41BCE35F7004B0EC9 /* 123Test */ = {
			isa = PBXGroup;
			children = (
				C3BF7EB81BCE35F7004B0EC9 /* AppDelegate.h */,
				C3BF7EB91BCE35F7004B0EC9 /* AppDelegate.m */,
				C3BF7EBB1BCE35F7004B0EC9 /* ViewController.h */,
				C3BF7EBC1BCE35F7004B0EC9 /* ViewController.m */,
				C3BF7EBE1BCE35F7004B0EC9 /* Main.storyboard */,
				C3BF7EC11BCE35F7004B0EC9 /* Assets.xcassets */,
				C3BF7EC31BCE35F7004B0EC9 /* LaunchScreen.storyboard */,
				C3BF7EC61BCE35F7004B0EC9 /* Info.plist */,
				C3BF7EB51BCE35F7004B0EC9 /* Supporting Files */,
			);
			path = 123Test;
			sourceTree = "<group>";
		};
		C3BF7EB51BCE35F7004B0EC9 /* Supporting Files */ = {
			isa = PBXGroup;
			children = (
				C3BF7EB61BCE35F7004B0EC9 /* main.m */,
			);
			name = "Supporting Files";
			sourceTree = "<group>";
		};
		C3BF7ECE1BCE35F7004B0EC9 /* 123TestTests */ = {
			isa = PBXGroup;
			children = (
				C3BF7ECF1BCE35F7004B0EC9 /* _23TestTests.m */,
				C3BF7ED11BCE35F7004B0EC9 /* Info.plist */,
			);
			path = 123TestTests;
			sourceTree = "<group>";
		};
		C3BF7ED91BCE35F7004B0EC9 /* 123TestUITests */ = {
			isa = PBXGroup;
			children = (
				C3BF7EDA1BCE35F7004B0EC9 /* _23TestUITests.m */,
				C3BF7EDC1BCE35F7004B0EC9 /* Info.plist */,
			);
			path = 123TestUITests;
			sourceTree = "<group>";
		};
/* End PBXGroup section */

/* Begin PBXNativeTarget section */
		C3BF7EB11BCE35F7004B0EC9 /* 123Test */ = {
			isa = PBXNativeTarget;
			buildConfigurationList = C3BF7EDF1BCE35F7004B0EC9 /* Build configuration list for PBXNativeTarget "123Test" */;
			buildPhases = (
				C3BF7EAE1BCE35F7004B0EC9 /* Sources */,
				C3BF7EAF1BCE35F7004B0EC9 /* Frameworks */,
				C3BF7EB01BCE35F7004B0EC9 /* Resources */,
			);
			buildRules = (
			);
			dependencies = (
			);
			name = 123Test;
			productName = 123Test;
			productReference = C3BF7EB21BCE35F7004B0EC9 /* 123Test.app */;
			productType = "com.apple.product-type.application";
		};
		C3BF7ECA1BCE35F7004B0EC9 /* 123TestTests */ = {
			isa = PBXNativeTarget;
			buildConfigurationList = C3BF7EE21BCE35F7004B0EC9 /* Build configuration list for PBXNativeTarget "123TestTests" */;
			buildPhases = (
				C3BF7EC71BCE35F7004B0EC9 /* Sources */,
				C3BF7EC81BCE35F7004B0EC9 /* Frameworks */,
				C3BF7EC91BCE35F7004B0EC9 /* Resources */,
			);
			buildRules = (
			);
			dependencies = (
				C3BF7ECD1BCE35F7004B0EC9 /* PBXTargetDependency */,
			);
			name = 123TestTests;
			productName = 123TestTests;
			productReference = C3BF7ECB1BCE35F7004B0EC9 /* 123TestTests.xctest */;
			productType = "com.apple.product-type.bundle.unit-test";
		};
		C3BF7ED51BCE35F7004B0EC9 /* 123TestUITests */ = {
			isa = PBXNativeTarget;
			buildConfigurationList = C3BF7EE51BCE35F7004B0EC9 /* Build configuration list for PBXNativeTarget "123TestUITests" */;
			buildPhases = (
				C3BF7ED21BCE35F7004B0EC9 /* Sources */,
				C3BF7ED31BCE35F7004B0EC9 /* Frameworks */,
				C3BF7ED41BCE35F7004B0EC9 /* Resources */,
			);
			buildRules = (
			);
			dependencies = (
				C3BF7ED81BCE35F7004B0EC9 /* PBXTargetDependency */,
			);
			name = 123TestUITests;
			productName = 123TestUITests;
			productReference = C3BF7ED61BCE35F7004B0EC9 /* 123TestUITests.xctest */;
			productType = "com.apple.product-type.bundle.ui-testing";
		};
/* End PBXNativeTarget section */

/* Begin PBXProject section */
		C3BF7EAA1BCE35F7004B0EC9 /* Project object */ = {
			isa = PBXProject;
			attributes = {
				LastUpgradeCheck = 0700;
				ORGANIZATIONNAME = youAnMi;
				TargetAttributes = {
					C3BF7EB11BCE35F7004B0EC9 = {
						CreatedOnToolsVersion = 7.0.1;
					};
					C3BF7ECA1BCE35F7004B0EC9 = {
						CreatedOnToolsVersion = 7.0.1;
						TestTargetID = C3BF7EB11BCE35F7004B0EC9;
					};
					C3BF7ED51BCE35F7004B0EC9 = {
						CreatedOnToolsVersion = 7.0.1;
						TestTargetID = C3BF7EB11BCE35F7004B0EC9;
					};
				};
			};
			buildConfigurationList = C3BF7EAD1BCE35F7004B0EC9 /* Build configuration list for PBXProject "123Test" */;
			compatibilityVersion = "Xcode 3.2";
			developmentRegion = English;
			hasScannedForEncodings = 0;
			knownRegions = (
				en,
				Base,
			);
			mainGroup = C3BF7EA91BCE35F7004B0EC9;
			productRefGroup = C3BF7EB31BCE35F7004B0EC9 /* Products */;
			projectDirPath = "";
			projectRoot = "";
			targets = (
				C3BF7EB11BCE35F7004B0EC9 /* 123Test */,
				C3BF7ECA1BCE35F7004B0EC9 /* 123TestTests */,
				C3BF7ED51BCE35F7004B0EC9 /* 123TestUITests */,
			);
		};
/* End PBXProject section */

/* Begin PBXResourcesBuildPhase section */
		C3BF7EB01BCE35F7004B0EC9 /* Resources */ = {
			isa = PBXResourcesBuildPhase;
			buildActionMask = 2147483647;
			files = (
				C3BF7EC51BCE35F7004B0EC9 /* LaunchScreen.storyboard in Resources */,
				C3BF7EC21BCE35F7004B0EC9 /* Assets.xcassets in Resources */,
				C3BF7EC01BCE35F7004B0EC9 /* Main.storyboard in Resources */,
			);
			runOnlyForDeploymentPostprocessing = 0;
		};
		C3BF7EC91BCE35F7004B0EC9 /* Resources */ = {
			isa = PBXResourcesBuildPhase;
			buildActionMask = 2147483647;
			files = (
			);
			runOnlyForDeploymentPostprocessing = 0;
		};
		C3BF7ED41BCE35F7004B0EC9 /* Resources */ = {
			isa = PBXResourcesBuildPhase;
			buildActionMask = 2147483647;
			files = (
			);
			runOnlyForDeploymentPostprocessing = 0;
		};
/* End PBXResourcesBuildPhase section */

/* Begin PBXSourcesBuildPhase section */
		C3BF7EAE1BCE35F7004B0EC9 /* Sources */ = {
			isa = PBXSourcesBuildPhase;
			buildActionMask = 2147483647;
			files = (
				C3BF7EBD1BCE35F7004B0EC9 /* ViewController.m in Sources */,
				C3BF7EBA1BCE35F7004B0EC9 /* AppDelegate.m in Sources */,
				C3BF7EB71BCE35F7004B0EC9 /* main.m in Sources */,
			);
			runOnlyForDeploymentPostprocessing = 0;
		};
		C3BF7EC71BCE35F7004B0EC9 /* Sources */ = {
			isa = PBXSourcesBuildPhase;
			buildActionMask = 2147483647;
			files = (
				C3BF7ED01BCE35F7004B0EC9 /* _23TestTests.m in Sources */,
			);
			runOnlyForDeploymentPostprocessing = 0;
		};
		C3BF7ED21BCE35F7004B0EC9 /* Sources */ = {
			isa = PBXSourcesBuildPhase;
			buildActionMask = 2147483647;
			files = (
				C3BF7EDB1BCE35F7004B0EC9 /* _23TestUITests.m in Sources */,
			);
			runOnlyForDeploymentPostprocessing = 0;
		};
/* End PBXSourcesBuildPhase section */

/* Begin PBXTargetDependency section */
		C3BF7ECD1BCE35F7004B0EC9 /* PBXTargetDependency */ = {
			isa = PBXTargetDependency;
			target = C3BF7EB11BCE35F7004B0EC9 /* 123Test */;
			targetProxy = C3BF7ECC1BCE35F7004B0EC9 /* PBXContainerItemProxy */;
		};
		C3BF7ED81BCE35F7004B0EC9 /* PBXTargetDependency */ = {
			isa = PBXTargetDependency;
			target = C3BF7EB11BCE35F7004B0EC9 /* 123Test */;
			targetProxy = C3BF7ED71BCE35F7004B0EC9 /* PBXContainerItemProxy */;
		};
/* End PBXTargetDependency section */

/* Begin PBXVariantGroup section */
		C3BF7EBE1BCE35F7004B0EC9 /* Main.storyboard */ = {
			isa = PBXVariantGroup;
			children = (
				C3BF7EBF1BCE35F7004B0EC9 /* Base */,
			);
			name = Main.storyboard;
			sourceTree = "<group>";
		};
		C3BF7EC31BCE35F7004B0EC9 /* LaunchScreen.storyboard */ = {
			isa = PBXVariantGroup;
			children = (
				C3BF7EC41BCE35F7004B0EC9 /* Base */,
			);
			name = LaunchScreen.storyboard;
			sourceTree = "<group>";
		};
/* End PBXVariantGroup section */

/* Begin XCBuildConfiguration section */
		C3BF7EDD1BCE35F7004B0EC9 /* Debug */ = {
			isa = XCBuildConfiguration;
			buildSettings = {
				ALWAYS_SEARCH_USER_PATHS = NO;
				CLANG_CXX_LANGUAGE_STANDARD = "gnu++0x";
				CLANG_CXX_LIBRARY = "libc++";
				CLANG_ENABLE_MODULES = YES;
				CLANG_ENABLE_OBJC_ARC = YES;
				CLANG_WARN_BOOL_CONVERSION = YES;
				CLANG_WARN_CONSTANT_CONVERSION = YES;
				CLANG_WARN_DIRECT_OBJC_ISA_USAGE = YES_ERROR;
				CLANG_WARN_EMPTY_BODY = YES;
				CLANG_WARN_ENUM_CONVERSION = YES;
				CLANG_WARN_INT_CONVERSION = YES;
				CLANG_WARN_OBJC_ROOT_CLASS = YES_ERROR;
				CLANG_WARN_UNREACHABLE_CODE = YES;
				CLANG_WARN__DUPLICATE_METHOD_MATCH = YES;
				"CODE_SIGN_IDENTITY[sdk=iphoneos*]" = "iPhone Developer";
				COPY_PHASE_STRIP = NO;
				DEBUG_INFORMATION_FORMAT = dwarf;
				ENABLE_STRICT_OBJC_MSGSEND = YES;
				ENABLE_TESTABILITY = YES;
				GCC_C_LANGUAGE_STANDARD = gnu99;
				GCC_DYNAMIC_NO_PIC = NO;
				GCC_NO_COMMON_BLOCKS = YES;
				GCC_OPTIMIZATION_LEVEL = 0;
				GCC_PREPROCESSOR_DEFINITIONS = (
					"DEBUG=1",
					"$(inherited)",
				);
				GCC_WARN_64_TO_32_BIT_CONVERSION = YES;
				GCC_WARN_ABOUT_RETURN_TYPE = YES_ERROR;
				GCC_WARN_UNDECLARED_SELECTOR = YES;
				GCC_WARN_UNINITIALIZED_AUTOS = YES_AGGRESSIVE;
				GCC_WARN_UNUSED_FUNCTION = YES;
				GCC_WARN_UNUSED_VARIABLE = YES;
				IPHONEOS_DEPLOYMENT_TARGET = 9.0;
				MTL_ENABLE_DEBUG_INFO = YES;
				ONLY_ACTIVE_ARCH = YES;
				SDKROOT = iphoneos;
			};
			name = Debug;
		};
		C3BF7EDE1BCE35F7004B0EC9 /* Release */ = {
			isa = XCBuildConfiguration;
			buildSettings = {
				ALWAYS_SEARCH_USER_PATHS = NO;
				CLANG_CXX_LANGUAGE_STANDARD = "gnu++0x";
				CLANG_CXX_LIBRARY = "libc++";
				CLANG_ENABLE_MODULES = YES;
				CLANG_ENABLE_OBJC_ARC = YES;
				CLANG_WARN_BOOL_CONVERSION = YES;
				CLANG_WARN_CONSTANT_CONVERSION = YES;
				CLANG_WARN_DIRECT_OBJC_ISA_USAGE = YES_ERROR;
				CLANG_WARN_EMPTY_BODY = YES;
				CLANG_WARN_ENUM_CONVERSION = YES;
				CLANG_WARN_INT_CONVERSION = YES;
				CLANG_WARN_OBJC_ROOT_CLASS = YES_ERROR;
				CLANG_WARN_UNREACHABLE_CODE = YES;
				CLANG_WARN__DUPLICATE_METHOD_MATCH = YES;
				"CODE_SIGN_IDENTITY[sdk=iphoneos*]" = "iPhone Developer";
				COPY_PHASE_STRIP = NO;
				DEBUG_INFORMATION_FORMAT = "dwarf-with-dsym";
				ENABLE_NS_ASSERTIONS = NO;
				ENABLE_STRICT_OBJC_MSGSEND = YES;
				GCC_C_LANGUAGE_STANDARD = gnu99;
				GCC_NO_COMMON_BLOCKS = YES;
				GCC_WARN_64_TO_32_BIT_CONVERSION = YES;
				GCC_WARN_ABOUT_RETURN_TYPE = YES_ERROR;
				GCC_WARN_UNDECLARED_SELECTOR = YES;
				GCC_WARN_UNINITIALIZED_AUTOS = YES_AGGRESSIVE;
				GCC_WARN_UNUSED_FUNCTION = YES;
				GCC_WARN_UNUSED_VARIABLE = YES;
				IPHONEOS_DEPLOYMENT_TARGET = 9.0;
				MTL_ENABLE_DEBUG_INFO = NO;
				SDKROOT = iphoneos;
				VALIDATE_PRODUCT = YES;
			};
			name = Release;
		};
		C3BF7EE01BCE35F7004B0EC9 /* Debug */ = {
			isa = XCBuildConfiguration;
			buildSettings = {
				ASSETCATALOG_COMPILER_APPICON_NAME = AppIcon;
				INFOPLIST_FILE = 123Test/Info.plist;
				LD_RUNPATH_SEARCH_PATHS = "$(inherited) @executable_path/Frameworks";
				PRODUCT_BUNDLE_IDENTIFIER = "UM.-23Test";
				PRODUCT_NAME = "$(TARGET_NAME)";
			};
			name = Debug;
		};
		C3BF7EE11BCE35F7004B0EC9 /* Release */ = {
			isa = XCBuildConfiguration;
			buildSettings = {
				ASSETCATALOG_COMPILER_APPICON_NAME = AppIcon;
				INFOPLIST_FILE = 123Test/Info.plist;
				LD_RUNPATH_SEARCH_PATHS = "$(inherited) @executable_path/Frameworks";
				PRODUCT_BUNDLE_IDENTIFIER = "UM.-23Test";
				PRODUCT_NAME = "$(TARGET_NAME)";
			};
			name = Release;
		};
		C3BF7EE31BCE35F7004B0EC9 /* Debug */ = {
			isa = XCBuildConfiguration;
			buildSettings = {
				BUNDLE_LOADER = "$(TEST_HOST)";
				INFOPLIST_FILE = 123TestTests/Info.plist;
				LD_RUNPATH_SEARCH_PATHS = "$(inherited) @executable_path/Frameworks @loader_path/Frameworks";
				PRODUCT_BUNDLE_IDENTIFIER = "UM.-23TestTests";
				PRODUCT_NAME = "$(TARGET_NAME)";
				TEST_HOST = "$(BUILT_PRODUCTS_DIR)/123Test.app/123Test";
			};
			name = Debug;
		};
		C3BF7EE41BCE35F7004B0EC9 /* Release */ = {
			isa = XCBuildConfiguration;
			buildSettings = {
				BUNDLE_LOADER = "$(TEST_HOST)";
				INFOPLIST_FILE = 123TestTests/Info.plist;
				LD_RUNPATH_SEARCH_PATHS = "$(inherited) @executable_path/Frameworks @loader_path/Frameworks";
				PRODUCT_BUNDLE_IDENTIFIER = "UM.-23TestTests";
				PRODUCT_NAME = "$(TARGET_NAME)";
				TEST_HOST = "$(BUILT_PRODUCTS_DIR)/123Test.app/123Test";
			};
			name = Release;
		};
		C3BF7EE61BCE35F7004B0EC9 /* Debug */ = {
			isa = XCBuildConfiguration;
			buildSettings = {
				INFOPLIST_FILE = 123TestUITests/Info.plist;
				LD_RUNPATH_SEARCH_PATHS = "$(inherited) @executable_path/Frameworks @loader_path/Frameworks";
				PRODUCT_BUNDLE_IDENTIFIER = "UM.-23TestUITests";
				PRODUCT_NAME = "$(TARGET_NAME)";
				TEST_TARGET_NAME = 123Test;
				USES_XCTRUNNER = YES;
			};
			name = Debug;
		};
		C3BF7EE71BCE35F7004B0EC9 /* Release */ = {
			isa = XCBuildConfiguration;
			buildSettings = {
				INFOPLIST_FILE = 123TestUITests/Info.plist;
				LD_RUNPATH_SEARCH_PATHS = "$(inherited) @executable_path/Frameworks @loader_path/Frameworks";
				PRODUCT_BUNDLE_IDENTIFIER = "UM.-23TestUITests";
				PRODUCT_NAME = "$(TARGET_NAME)";
				TEST_TARGET_NAME = 123Test;
				USES_XCTRUNNER = YES;
			};
			name = Release;
		};
/* End XCBuildConfiguration section */

/* Begin XCConfigurationList section */
		C3BF7EAD1BCE35F7004B0EC9 /* Build configuration list for PBXProject "123Test" */ = {
			isa = XCConfigurationList;
			buildConfigurations = (
				C3BF7EDD1BCE35F7004B0EC9 /* Debug */,
				C3BF7EDE1BCE35F7004B0EC9 /* Release */,
			);
			defaultConfigurationIsVisible = 0;
			defaultConfigurationName = Release;
		};
		C3BF7EDF1BCE35F7004B0EC9 /* Build configuration list for PBXNativeTarget "123Test" */ = {
			isa = XCConfigurationList;
			buildConfigurations = (
				C3BF7EE01BCE35F7004B0EC9 /* Debug */,
				C3BF7EE11BCE35F7004B0EC9 /* Release */,
			);
			defaultConfigurationIsVisible = 0;
		};
		C3BF7EE21BCE35F7004B0EC9 /* Build configuration list for PBXNativeTarget "123TestTests" */ = {
			isa = XCConfigurationList;
			buildConfigurations = (
				C3BF7EE31BCE35F7004B0EC9 /* Debug */,
				C3BF7EE41BCE35F7004B0EC9 /* Release */,
			);
			defaultConfigurationIsVisible = 0;
		};
		C3BF7EE51BCE35F7004B0EC9 /* Build configuration list for PBXNativeTarget "123TestUITests" */ = {
			isa = XCConfigurationList;
			buildConfigurations = (
				C3BF7EE61BCE35F7004B0EC9 /* Debug */,
				C3BF7EE71BCE35F7004B0EC9 /* Release */,
			);
			defaultConfigurationIsVisible = 0;
		};
/* End XCConfigurationList section */
	};
	rootObject = C3BF7EAA1BCE35F7004B0EC9 /* Project object */;
}
